// !$*UTF8*$!
{
	archiveVersion = 1;
	classes = {
	};
	objectVersion = 48;
	objects = {

/* Begin PBXBuildFile section */
		CB1FD42520455E2D00931B5F /* AppDelegate.m in Sources */ = {isa = PBXBuildFile; fileRef = CB1FD42420455E2D00931B5F /* AppDelegate.m */; };
		CB1FD42820455E2D00931B5F /* ViewController.mm in Sources */ = {isa = PBXBuildFile; fileRef = CB1FD42720455E2D00931B5F /* ViewController.mm */; };
		CB1FD42B20455E2D00931B5F /* Main.storyboard in Resources */ = {isa = PBXBuildFile; fileRef = CB1FD42920455E2D00931B5F /* Main.storyboard */; };
		CB1FD42D20455E2D00931B5F /* Assets.xcassets in Resources */ = {isa = PBXBuildFile; fileRef = CB1FD42C20455E2D00931B5F /* Assets.xcassets */; };
		CB1FD43020455E2D00931B5F /* LaunchScreen.storyboard in Resources */ = {isa = PBXBuildFile; fileRef = CB1FD42E20455E2D00931B5F /* LaunchScreen.storyboard */; };
		CB1FD43320455E2D00931B5F /* main.m in Sources */ = {isa = PBXBuildFile; fileRef = CB1FD43220455E2D00931B5F /* main.m */; };
		CB1FD4D22046AF2400931B5F /* libz.tbd in Frameworks */ = {isa = PBXBuildFile; fileRef = CB1FD4D12046AF2300931B5F /* libz.tbd */; };
		CB36F24C20F8A20C009AF46F /* MMKVDemoTests.mm in Sources */ = {isa = PBXBuildFile; fileRef = CB36F24B20F8A20C009AF46F /* MMKVDemoTests.mm */; };
		CB36F25A20F8D728009AF46F /* MMKVPerformanceTest.mm in Sources */ = {isa = PBXBuildFile; fileRef = CB36F25920F8D728009AF46F /* MMKVPerformanceTest.mm */; };
		CB9C2733215E5ECC00448B6C /* libz.tbd in Frameworks */ = {isa = PBXBuildFile; fileRef = CB9C2732215E5ECC00448B6C /* libz.tbd */; };
		CB9F963920FCA7C500A1C14C /* DemoSwiftUsage.swift in Sources */ = {isa = PBXBuildFile; fileRef = CB9F963820FCA7C500A1C14C /* DemoSwiftUsage.swift */; };
		CBB6C823215CDB9500487192 /* AppDelegate.m in Sources */ = {isa = PBXBuildFile; fileRef = CBB6C822215CDB9500487192 /* AppDelegate.m */; };
		CBB6C826215CDB9500487192 /* ViewController.mm in Sources */ = {isa = PBXBuildFile; fileRef = CBB6C825215CDB9500487192 /* ViewController.mm */; };
		CBB6C828215CDB9600487192 /* Assets.xcassets in Resources */ = {isa = PBXBuildFile; fileRef = CBB6C827215CDB9600487192 /* Assets.xcassets */; };
		CBB6C82B215CDB9600487192 /* Main.storyboard in Resources */ = {isa = PBXBuildFile; fileRef = CBB6C829215CDB9600487192 /* Main.storyboard */; };
		CBB6C82E215CDB9600487192 /* main.m in Sources */ = {isa = PBXBuildFile; fileRef = CBB6C82D215CDB9600487192 /* main.m */; };
		FB464DBE2493059D00A9B40F /* SkyEyeMMAPQueue.m in Sources */ = {isa = PBXBuildFile; fileRef = FB464DBD2493059D00A9B40F /* SkyEyeMMAPQueue.m */; };
		FB464DC224931D7400A9B40F /* SkyEyePackObject.m in Sources */ = {isa = PBXBuildFile; fileRef = FB464DC124931D7400A9B40F /* SkyEyePackObject.m */; };
		FB464DC524931E4A00A9B40F /* PersonObject.m in Sources */ = {isa = PBXBuildFile; fileRef = FB464DC424931E4A00A9B40F /* PersonObject.m */; };
		FB464DC82493216700A9B40F /* SkyEyeDataManager.m in Sources */ = {isa = PBXBuildFile; fileRef = FB464DC72493216700A9B40F /* SkyEyeDataManager.m */; };
		FB9A7B4424A20A9E00EC517B /* AppUsedMemory.m in Sources */ = {isa = PBXBuildFile; fileRef = FB9A7B4324A20A9E00EC517B /* AppUsedMemory.m */; };
		FBBDB9E4249A4CA8003CF459 /* SkyEyeDataConfig.m in Sources */ = {isa = PBXBuildFile; fileRef = FBBDB9E3249A4CA8003CF459 /* SkyEyeDataConfig.m */; };
		FBE7A02C24C5986F00AC4CFA /* SkyEyePackObject.m in Sources */ = {isa = PBXBuildFile; fileRef = FBE79FFE24C5986F00AC4CFA /* SkyEyePackObject.m */; };
		FBE7A02D24C5986F00AC4CFA /* SkyEyeDataConfig.m in Sources */ = {isa = PBXBuildFile; fileRef = FBE7A00024C5986F00AC4CFA /* SkyEyeDataConfig.m */; };
		FBE7A02E24C5986F00AC4CFA /* SkyEyeMiniPBCoder.mm in Sources */ = {isa = PBXBuildFile; fileRef = FBE7A00724C5986F00AC4CFA /* SkyEyeMiniPBCoder.mm */; };
		FBE7A02F24C5986F00AC4CFA /* SkyEyeDataManager.mm in Sources */ = {isa = PBXBuildFile; fileRef = FBE7A00924C5986F00AC4CFA /* SkyEyeDataManager.mm */; };
		FBE7A03024C5986F00AC4CFA /* SkyEyeMiniPBUtility.mm in Sources */ = {isa = PBXBuildFile; fileRef = FBE7A00A24C5986F00AC4CFA /* SkyEyeMiniPBUtility.mm */; };
		FBE7A03124C5986F00AC4CFA /* SkyEyeMiniCodedOutputData.mm in Sources */ = {isa = PBXBuildFile; fileRef = FBE7A00B24C5986F00AC4CFA /* SkyEyeMiniCodedOutputData.mm */; };
		FBE7A03224C5986F00AC4CFA /* SkyEyeMMAPQueue.m in Sources */ = {isa = PBXBuildFile; fileRef = FBE7A00D24C5986F00AC4CFA /* SkyEyeMMAPQueue.m */; };
		FBE7A03324C5986F00AC4CFA /* SkyEyeMiniCodedInputData.mm in Sources */ = {isa = PBXBuildFile; fileRef = FBE7A01024C5986F00AC4CFA /* SkyEyeMiniCodedInputData.mm */; };
		FBE7A03424C5986F00AC4CFA /* SkyEyeMMKVLog.mm in Sources */ = {isa = PBXBuildFile; fileRef = FBE7A01524C5986F00AC4CFA /* SkyEyeMMKVLog.mm */; };
		FBE7A03524C5986F00AC4CFA /* SkyEyeFileConfig.mm in Sources */ = {isa = PBXBuildFile; fileRef = FBE7A01824C5986F00AC4CFA /* SkyEyeFileConfig.mm */; };
		FBE7A03624C5986F00AC4CFA /* SkyEyeMemoryFile.mm in Sources */ = {isa = PBXBuildFile; fileRef = FBE7A01924C5986F00AC4CFA /* SkyEyeMemoryFile.mm */; };
		FBE7A03724C5986F00AC4CFA /* SkyEyeMFKV.mm in Sources */ = {isa = PBXBuildFile; fileRef = FBE7A01B24C5986F00AC4CFA /* SkyEyeMFKV.mm */; };
		FBE7A03824C5986F00AC4CFA /* SkyEyeAESCrypt.mm in Sources */ = {isa = PBXBuildFile; fileRef = FBE7A01D24C5986F00AC4CFA /* SkyEyeAESCrypt.mm */; };
		FBE7A03924C5986F00AC4CFA /* skyeye_openssl_aes_cfb.cpp in Sources */ = {isa = PBXBuildFile; fileRef = FBE7A02024C5986F00AC4CFA /* skyeye_openssl_aes_cfb.cpp */; };
		FBE7A03A24C5986F00AC4CFA /* skyeye_openssl_md5_dgst.cpp in Sources */ = {isa = PBXBuildFile; fileRef = FBE7A02224C5986F00AC4CFA /* skyeye_openssl_md5_dgst.cpp */; };
		FBE7A03B24C5986F00AC4CFA /* skyeye_openssl_md5_one.cpp in Sources */ = {isa = PBXBuildFile; fileRef = FBE7A02324C5986F00AC4CFA /* skyeye_openssl_md5_one.cpp */; };
		FBE7A03C24C5986F00AC4CFA /* skyeye_openssl_cfb128.cpp in Sources */ = {isa = PBXBuildFile; fileRef = FBE7A02524C5986F00AC4CFA /* skyeye_openssl_cfb128.cpp */; };
		FBE7A03D24C5986F00AC4CFA /* skyeye_openssl_aes_core.cpp in Sources */ = {isa = PBXBuildFile; fileRef = FBE7A02A24C5986F00AC4CFA /* skyeye_openssl_aes_core.cpp */; };
/* End PBXBuildFile section */

/* Begin PBXContainerItemProxy section */
		CB36F24E20F8A20C009AF46F /* PBXContainerItemProxy */ = {
			isa = PBXContainerItemProxy;
			containerPortal = CB1FD41820455E2D00931B5F /* Project object */;
			proxyType = 1;
			remoteGlobalIDString = CB1FD41F20455E2D00931B5F;
			remoteInfo = MMKVDemo;
		};
/* End PBXContainerItemProxy section */

/* Begin PBXFileReference section */
		CB1FD42020455E2D00931B5F /* MMKVDemo.app */ = {isa = PBXFileReference; explicitFileType = wrapper.application; includeInIndex = 0; path = MMKVDemo.app; sourceTree = BUILT_PRODUCTS_DIR; };
		CB1FD42320455E2D00931B5F /* AppDelegate.h */ = {isa = PBXFileReference; lastKnownFileType = sourcecode.c.h; path = AppDelegate.h; sourceTree = "<group>"; };
		CB1FD42420455E2D00931B5F /* AppDelegate.m */ = {isa = PBXFileReference; lastKnownFileType = sourcecode.c.objc; path = AppDelegate.m; sourceTree = "<group>"; };
		CB1FD42620455E2D00931B5F /* ViewController.h */ = {isa = PBXFileReference; lastKnownFileType = sourcecode.c.h; path = ViewController.h; sourceTree = "<group>"; };
		CB1FD42720455E2D00931B5F /* ViewController.mm */ = {isa = PBXFileReference; lastKnownFileType = sourcecode.cpp.objcpp; path = ViewController.mm; sourceTree = "<group>"; };
		CB1FD42A20455E2D00931B5F /* Base */ = {isa = PBXFileReference; lastKnownFileType = file.storyboard; name = Base; path = Base.lproj/Main.storyboard; sourceTree = "<group>"; };
		CB1FD42C20455E2D00931B5F /* Assets.xcassets */ = {isa = PBXFileReference; lastKnownFileType = folder.assetcatalog; path = Assets.xcassets; sourceTree = "<group>"; };
		CB1FD42F20455E2D00931B5F /* Base */ = {isa = PBXFileReference; lastKnownFileType = file.storyboard; name = Base; path = Base.lproj/LaunchScreen.storyboard; sourceTree = "<group>"; };
		CB1FD43120455E2D00931B5F /* Info.plist */ = {isa = PBXFileReference; lastKnownFileType = text.plist.xml; path = Info.plist; sourceTree = "<group>"; };
		CB1FD43220455E2D00931B5F /* main.m */ = {isa = PBXFileReference; lastKnownFileType = sourcecode.c.objc; path = main.m; sourceTree = "<group>"; };
		CB1FD4D12046AF2300931B5F /* libz.tbd */ = {isa = PBXFileReference; lastKnownFileType = "sourcecode.text-based-dylib-definition"; name = libz.tbd; path = usr/lib/libz.tbd; sourceTree = SDKROOT; };
		CB36F24920F8A20C009AF46F /* MMKVDemoTests.xctest */ = {isa = PBXFileReference; explicitFileType = wrapper.cfbundle; includeInIndex = 0; path = MMKVDemoTests.xctest; sourceTree = BUILT_PRODUCTS_DIR; };
		CB36F24B20F8A20C009AF46F /* MMKVDemoTests.mm */ = {isa = PBXFileReference; lastKnownFileType = sourcecode.cpp.objcpp; path = MMKVDemoTests.mm; sourceTree = "<group>"; };
		CB36F24D20F8A20C009AF46F /* Info.plist */ = {isa = PBXFileReference; lastKnownFileType = text.plist.xml; path = Info.plist; sourceTree = "<group>"; };
		CB36F25920F8D728009AF46F /* MMKVPerformanceTest.mm */ = {isa = PBXFileReference; lastKnownFileType = sourcecode.cpp.objcpp; path = MMKVPerformanceTest.mm; sourceTree = "<group>"; };
		CB9C2732215E5ECC00448B6C /* libz.tbd */ = {isa = PBXFileReference; lastKnownFileType = "sourcecode.text-based-dylib-definition"; name = libz.tbd; path = Platforms/MacOSX.platform/Developer/SDKs/MacOSX10.14.sdk/usr/lib/libz.tbd; sourceTree = DEVELOPER_DIR; };
		CB9F963720FCA7C400A1C14C /* MMKVDemo-Bridging-Header.h */ = {isa = PBXFileReference; lastKnownFileType = sourcecode.c.h; path = "MMKVDemo-Bridging-Header.h"; sourceTree = "<group>"; };
		CB9F963820FCA7C500A1C14C /* DemoSwiftUsage.swift */ = {isa = PBXFileReference; lastKnownFileType = sourcecode.swift; path = DemoSwiftUsage.swift; sourceTree = "<group>"; };
		CBB6C81F215CDB9500487192 /* MMKVMacDemo.app */ = {isa = PBXFileReference; explicitFileType = wrapper.application; includeInIndex = 0; path = MMKVMacDemo.app; sourceTree = BUILT_PRODUCTS_DIR; };
		CBB6C821215CDB9500487192 /* AppDelegate.h */ = {isa = PBXFileReference; lastKnownFileType = sourcecode.c.h; path = AppDelegate.h; sourceTree = "<group>"; };
		CBB6C822215CDB9500487192 /* AppDelegate.m */ = {isa = PBXFileReference; lastKnownFileType = sourcecode.c.objc; path = AppDelegate.m; sourceTree = "<group>"; };
		CBB6C824215CDB9500487192 /* ViewController.h */ = {isa = PBXFileReference; lastKnownFileType = sourcecode.c.h; path = ViewController.h; sourceTree = "<group>"; };
		CBB6C825215CDB9500487192 /* ViewController.mm */ = {isa = PBXFileReference; lastKnownFileType = sourcecode.cpp.objcpp; path = ViewController.mm; sourceTree = "<group>"; };
		CBB6C827215CDB9600487192 /* Assets.xcassets */ = {isa = PBXFileReference; lastKnownFileType = folder.assetcatalog; path = Assets.xcassets; sourceTree = "<group>"; };
		CBB6C82A215CDB9600487192 /* Base */ = {isa = PBXFileReference; lastKnownFileType = file.storyboard; name = Base; path = Base.lproj/Main.storyboard; sourceTree = "<group>"; };
		CBB6C82C215CDB9600487192 /* Info.plist */ = {isa = PBXFileReference; lastKnownFileType = text.plist.xml; path = Info.plist; sourceTree = "<group>"; };
		CBB6C82D215CDB9600487192 /* main.m */ = {isa = PBXFileReference; lastKnownFileType = sourcecode.c.objc; path = main.m; sourceTree = "<group>"; };
		CBB6C82F215CDB9600487192 /* MMKVMacDemo.entitlements */ = {isa = PBXFileReference; lastKnownFileType = text.plist.entitlements; path = MMKVMacDemo.entitlements; sourceTree = "<group>"; };
		FB464DBC2493059D00A9B40F /* SkyEyeMMAPQueue.h */ = {isa = PBXFileReference; lastKnownFileType = sourcecode.c.h; path = SkyEyeMMAPQueue.h; sourceTree = "<group>"; };
		FB464DBD2493059D00A9B40F /* SkyEyeMMAPQueue.m */ = {isa = PBXFileReference; lastKnownFileType = sourcecode.c.objc; path = SkyEyeMMAPQueue.m; sourceTree = "<group>"; };
		FB464DC024931D7400A9B40F /* SkyEyePackObject.h */ = {isa = PBXFileReference; lastKnownFileType = sourcecode.c.h; path = SkyEyePackObject.h; sourceTree = "<group>"; };
		FB464DC124931D7400A9B40F /* SkyEyePackObject.m */ = {isa = PBXFileReference; lastKnownFileType = sourcecode.c.objc; path = SkyEyePackObject.m; sourceTree = "<group>"; };
		FB464DC324931E4A00A9B40F /* PersonObject.h */ = {isa = PBXFileReference; lastKnownFileType = sourcecode.c.h; path = PersonObject.h; sourceTree = "<group>"; };
		FB464DC424931E4A00A9B40F /* PersonObject.m */ = {isa = PBXFileReference; lastKnownFileType = sourcecode.c.objc; path = PersonObject.m; sourceTree = "<group>"; };
		FB464DC62493216700A9B40F /* SkyEyeDataManager.h */ = {isa = PBXFileReference; lastKnownFileType = sourcecode.c.h; path = SkyEyeDataManager.h; sourceTree = "<group>"; };
		FB464DC72493216700A9B40F /* SkyEyeDataManager.m */ = {isa = PBXFileReference; lastKnownFileType = sourcecode.c.objc; path = SkyEyeDataManager.m; sourceTree = "<group>"; };
		FB9A7B4224A20A9E00EC517B /* AppUsedMemory.h */ = {isa = PBXFileReference; lastKnownFileType = sourcecode.c.h; path = AppUsedMemory.h; sourceTree = "<group>"; };
		FB9A7B4324A20A9E00EC517B /* AppUsedMemory.m */ = {isa = PBXFileReference; lastKnownFileType = sourcecode.c.objc; path = AppUsedMemory.m; sourceTree = "<group>"; };
		FBBDB9E2249A4CA8003CF459 /* SkyEyeDataConfig.h */ = {isa = PBXFileReference; lastKnownFileType = sourcecode.c.h; path = SkyEyeDataConfig.h; sourceTree = "<group>"; };
		FBBDB9E3249A4CA8003CF459 /* SkyEyeDataConfig.m */ = {isa = PBXFileReference; lastKnownFileType = sourcecode.c.objc; path = SkyEyeDataConfig.m; sourceTree = "<group>"; };
		FBE79FFD24C5986F00AC4CFA /* SkyEyeMMAPQueue.h */ = {isa = PBXFileReference; fileEncoding = 4; lastKnownFileType = sourcecode.c.h; path = SkyEyeMMAPQueue.h; sourceTree = "<group>"; };
		FBE79FFE24C5986F00AC4CFA /* SkyEyePackObject.m */ = {isa = PBXFileReference; fileEncoding = 4; lastKnownFileType = sourcecode.c.objc; path = SkyEyePackObject.m; sourceTree = "<group>"; };
		FBE79FFF24C5986F00AC4CFA /* SkyEyeMiniPBEncodeItem.h */ = {isa = PBXFileReference; fileEncoding = 4; lastKnownFileType = sourcecode.c.h; path = SkyEyeMiniPBEncodeItem.h; sourceTree = "<group>"; };
		FBE7A00024C5986F00AC4CFA /* SkyEyeDataConfig.m */ = {isa = PBXFileReference; fileEncoding = 4; lastKnownFileType = sourcecode.c.objc; path = SkyEyeDataConfig.m; sourceTree = "<group>"; };
		FBE7A00124C5986F00AC4CFA /* SkyEyeLRUCache.hpp */ = {isa = PBXFileReference; fileEncoding = 4; lastKnownFileType = sourcecode.cpp.h; path = SkyEyeLRUCache.hpp; sourceTree = "<group>"; };
		FBE7A00224C5986F00AC4CFA /* SkyEyeDataManager.h */ = {isa = PBXFileReference; fileEncoding = 4; lastKnownFileType = sourcecode.c.h; path = SkyEyeDataManager.h; sourceTree = "<group>"; };
		FBE7A00324C5986F00AC4CFA /* SkyEyeMMKVLog.h */ = {isa = PBXFileReference; fileEncoding = 4; lastKnownFileType = sourcecode.c.h; path = SkyEyeMMKVLog.h; sourceTree = "<group>"; };
		FBE7A00424C5986F00AC4CFA /* SkyEyeMiniCodedInputData.h */ = {isa = PBXFileReference; fileEncoding = 4; lastKnownFileType = sourcecode.c.h; path = SkyEyeMiniCodedInputData.h; sourceTree = "<group>"; };
		FBE7A00524C5986F00AC4CFA /* SkyEyeMFKV.h */ = {isa = PBXFileReference; fileEncoding = 4; lastKnownFileType = sourcecode.c.h; path = SkyEyeMFKV.h; sourceTree = "<group>"; };
		FBE7A00624C5986F00AC4CFA /* SkyEyeP.h */ = {isa = PBXFileReference; fileEncoding = 4; lastKnownFileType = sourcecode.c.h; path = SkyEyeP.h; sourceTree = "<group>"; };
		FBE7A00724C5986F00AC4CFA /* SkyEyeMiniPBCoder.mm */ = {isa = PBXFileReference; fileEncoding = 4; lastKnownFileType = sourcecode.cpp.objcpp; path = SkyEyeMiniPBCoder.mm; sourceTree = "<group>"; };
		FBE7A00824C5986F00AC4CFA /* SkyEyeMiniCodedOutputData.h */ = {isa = PBXFileReference; fileEncoding = 4; lastKnownFileType = sourcecode.c.h; path = SkyEyeMiniCodedOutputData.h; sourceTree = "<group>"; };
		FBE7A00924C5986F00AC4CFA /* SkyEyeDataManager.mm */ = {isa = PBXFileReference; fileEncoding = 4; lastKnownFileType = sourcecode.cpp.objcpp; path = SkyEyeDataManager.mm; sourceTree = "<group>"; };
		FBE7A00A24C5986F00AC4CFA /* SkyEyeMiniPBUtility.mm */ = {isa = PBXFileReference; fileEncoding = 4; lastKnownFileType = sourcecode.cpp.objcpp; path = SkyEyeMiniPBUtility.mm; sourceTree = "<group>"; };
		FBE7A00B24C5986F00AC4CFA /* SkyEyeMiniCodedOutputData.mm */ = {isa = PBXFileReference; fileEncoding = 4; lastKnownFileType = sourcecode.cpp.objcpp; path = SkyEyeMiniCodedOutputData.mm; sourceTree = "<group>"; };
		FBE7A00C24C5986F00AC4CFA /* SkyEyePackObject.h */ = {isa = PBXFileReference; fileEncoding = 4; lastKnownFileType = sourcecode.c.h; path = SkyEyePackObject.h; sourceTree = "<group>"; };
		FBE7A00D24C5986F00AC4CFA /* SkyEyeMMAPQueue.m */ = {isa = PBXFileReference; fileEncoding = 4; lastKnownFileType = sourcecode.c.objc; path = SkyEyeMMAPQueue.m; sourceTree = "<group>"; };
		FBE7A00E24C5986F00AC4CFA /* SkyEyeScopedLock.hpp */ = {isa = PBXFileReference; fileEncoding = 4; lastKnownFileType = sourcecode.cpp.h; path = SkyEyeScopedLock.hpp; sourceTree = "<group>"; };
		FBE7A00F24C5986F00AC4CFA /* SkyEyeFileConfig.h */ = {isa = PBXFileReference; fileEncoding = 4; lastKnownFileType = sourcecode.c.h; path = SkyEyeFileConfig.h; sourceTree = "<group>"; };
		FBE7A01024C5986F00AC4CFA /* SkyEyeMiniCodedInputData.mm */ = {isa = PBXFileReference; fileEncoding = 4; lastKnownFileType = sourcecode.cpp.objcpp; path = SkyEyeMiniCodedInputData.mm; sourceTree = "<group>"; };
		FBE7A01124C5986F00AC4CFA /* SkyEyeDefine.h */ = {isa = PBXFileReference; fileEncoding = 4; lastKnownFileType = sourcecode.c.h; path = SkyEyeDefine.h; sourceTree = "<group>"; };
		FBE7A01224C5986F00AC4CFA /* SkyEyeMiniPBUtility.h */ = {isa = PBXFileReference; fileEncoding = 4; lastKnownFileType = sourcecode.c.h; path = SkyEyeMiniPBUtility.h; sourceTree = "<group>"; };
		FBE7A01324C5986F00AC4CFA /* SkyEyeDataConfig.h */ = {isa = PBXFileReference; fileEncoding = 4; lastKnownFileType = sourcecode.c.h; path = SkyEyeDataConfig.h; sourceTree = "<group>"; };
		FBE7A01424C5986F00AC4CFA /* SkyEyeMMKVMetaInfo.hpp */ = {isa = PBXFileReference; fileEncoding = 4; lastKnownFileType = sourcecode.cpp.h; path = SkyEyeMMKVMetaInfo.hpp; sourceTree = "<group>"; };
		FBE7A01524C5986F00AC4CFA /* SkyEyeMMKVLog.mm */ = {isa = PBXFileReference; fileEncoding = 4; lastKnownFileType = sourcecode.cpp.objcpp; path = SkyEyeMMKVLog.mm; sourceTree = "<group>"; };
		FBE7A01624C5986F00AC4CFA /* SkyEyeMiniPBCoder.h */ = {isa = PBXFileReference; fileEncoding = 4; lastKnownFileType = sourcecode.c.h; path = SkyEyeMiniPBCoder.h; sourceTree = "<group>"; };
		FBE7A01724C5986F00AC4CFA /* SkyEyeMemoryFile.h */ = {isa = PBXFileReference; fileEncoding = 4; lastKnownFileType = sourcecode.c.h; path = SkyEyeMemoryFile.h; sourceTree = "<group>"; };
		FBE7A01824C5986F00AC4CFA /* SkyEyeFileConfig.mm */ = {isa = PBXFileReference; fileEncoding = 4; lastKnownFileType = sourcecode.cpp.objcpp; path = SkyEyeFileConfig.mm; sourceTree = "<group>"; };
		FBE7A01924C5986F00AC4CFA /* SkyEyeMemoryFile.mm */ = {isa = PBXFileReference; fileEncoding = 4; lastKnownFileType = sourcecode.cpp.objcpp; path = SkyEyeMemoryFile.mm; sourceTree = "<group>"; };
		FBE7A01A24C5986F00AC4CFA /* SkyEyeMMKVHandler.h */ = {isa = PBXFileReference; explicitFileType = sourcecode.cpp.objcpp; fileEncoding = 4; path = SkyEyeMMKVHandler.h; sourceTree = "<group>"; };
		FBE7A01B24C5986F00AC4CFA /* SkyEyeMFKV.mm */ = {isa = PBXFileReference; fileEncoding = 4; lastKnownFileType = sourcecode.cpp.objcpp; path = SkyEyeMFKV.mm; sourceTree = "<group>"; };
		FBE7A01D24C5986F00AC4CFA /* SkyEyeAESCrypt.mm */ = {isa = PBXFileReference; fileEncoding = 4; lastKnownFileType = sourcecode.cpp.objcpp; path = SkyEyeAESCrypt.mm; sourceTree = "<group>"; };
		FBE7A01E24C5986F00AC4CFA /* SkyEyeAESCrypt.h */ = {isa = PBXFileReference; fileEncoding = 4; lastKnownFileType = sourcecode.c.h; path = SkyEyeAESCrypt.h; sourceTree = "<group>"; };
		FBE7A02024C5986F00AC4CFA /* skyeye_openssl_aes_cfb.cpp */ = {isa = PBXFileReference; fileEncoding = 4; lastKnownFileType = sourcecode.cpp.cpp; path = skyeye_openssl_aes_cfb.cpp; sourceTree = "<group>"; };
		FBE7A02124C5986F00AC4CFA /* skyeye_openssl_md5.h */ = {isa = PBXFileReference; fileEncoding = 4; lastKnownFileType = sourcecode.c.h; path = skyeye_openssl_md5.h; sourceTree = "<group>"; };
		FBE7A02224C5986F00AC4CFA /* skyeye_openssl_md5_dgst.cpp */ = {isa = PBXFileReference; fileEncoding = 4; lastKnownFileType = sourcecode.cpp.cpp; path = skyeye_openssl_md5_dgst.cpp; sourceTree = "<group>"; };
		FBE7A02324C5986F00AC4CFA /* skyeye_openssl_md5_one.cpp */ = {isa = PBXFileReference; fileEncoding = 4; lastKnownFileType = sourcecode.cpp.cpp; path = skyeye_openssl_md5_one.cpp; sourceTree = "<group>"; };
		FBE7A02424C5986F00AC4CFA /* skyeye_openssl_opensslconf.h */ = {isa = PBXFileReference; fileEncoding = 4; lastKnownFileType = sourcecode.c.h; path = skyeye_openssl_opensslconf.h; sourceTree = "<group>"; };
		FBE7A02524C5986F00AC4CFA /* skyeye_openssl_cfb128.cpp */ = {isa = PBXFileReference; fileEncoding = 4; lastKnownFileType = sourcecode.cpp.cpp; path = skyeye_openssl_cfb128.cpp; sourceTree = "<group>"; };
		FBE7A02624C5986F00AC4CFA /* skyeye_openssl_md5_locl.h */ = {isa = PBXFileReference; fileEncoding = 4; lastKnownFileType = sourcecode.c.h; path = skyeye_openssl_md5_locl.h; sourceTree = "<group>"; };
		FBE7A02724C5986F00AC4CFA /* skyeye_openssl_modes.h */ = {isa = PBXFileReference; fileEncoding = 4; lastKnownFileType = sourcecode.c.h; path = skyeye_openssl_modes.h; sourceTree = "<group>"; };
		FBE7A02824C5986F00AC4CFA /* skyeye_openssl_md32_common.h */ = {isa = PBXFileReference; fileEncoding = 4; lastKnownFileType = sourcecode.c.h; path = skyeye_openssl_md32_common.h; sourceTree = "<group>"; };
		FBE7A02924C5986F00AC4CFA /* skyeye_openssl_aes.h */ = {isa = PBXFileReference; fileEncoding = 4; lastKnownFileType = sourcecode.c.h; path = skyeye_openssl_aes.h; sourceTree = "<group>"; };
		FBE7A02A24C5986F00AC4CFA /* skyeye_openssl_aes_core.cpp */ = {isa = PBXFileReference; fileEncoding = 4; lastKnownFileType = sourcecode.cpp.cpp; path = skyeye_openssl_aes_core.cpp; sourceTree = "<group>"; };
		FBE7A02B24C5986F00AC4CFA /* skyeye_openssl_aes_locl.h */ = {isa = PBXFileReference; fileEncoding = 4; lastKnownFileType = sourcecode.c.h; path = skyeye_openssl_aes_locl.h; sourceTree = "<group>"; };
		FBE7A03E24C5993F00AC4CFA /* PrefixHeader.pch */ = {isa = PBXFileReference; lastKnownFileType = sourcecode.c.h; path = PrefixHeader.pch; sourceTree = "<group>"; };
/* End PBXFileReference section */

/* Begin PBXFrameworksBuildPhase section */
		CB1FD41D20455E2D00931B5F /* Frameworks */ = {
			isa = PBXFrameworksBuildPhase;
			buildActionMask = 2147483647;
			files = (
				CB1FD4D22046AF2400931B5F /* libz.tbd in Frameworks */,
			);
			runOnlyForDeploymentPostprocessing = 0;
		};
		CB36F24620F8A20C009AF46F /* Frameworks */ = {
			isa = PBXFrameworksBuildPhase;
			buildActionMask = 2147483647;
			files = (
			);
			runOnlyForDeploymentPostprocessing = 0;
		};
		CBB6C81C215CDB9500487192 /* Frameworks */ = {
			isa = PBXFrameworksBuildPhase;
			buildActionMask = 2147483647;
			files = (
				CB9C2733215E5ECC00448B6C /* libz.tbd in Frameworks */,
			);
			runOnlyForDeploymentPostprocessing = 0;
		};
/* End PBXFrameworksBuildPhase section */

/* Begin PBXGroup section */
		CB1FD41720455E2D00931B5F = {
			isa = PBXGroup;
			children = (
				CB1FD42220455E2D00931B5F /* MMKVDemo */,
				CB36F24A20F8A20C009AF46F /* MMKVDemoTests */,
				CBB6C820215CDB9500487192 /* MMKVMacDemo */,
				CB1FD42120455E2D00931B5F /* Products */,
				CB1FD45720455F3500931B5F /* Frameworks */,
			);
			sourceTree = "<group>";
		};
		CB1FD42120455E2D00931B5F /* Products */ = {
			isa = PBXGroup;
			children = (
				CB1FD42020455E2D00931B5F /* MMKVDemo.app */,
				CB36F24920F8A20C009AF46F /* MMKVDemoTests.xctest */,
				CBB6C81F215CDB9500487192 /* MMKVMacDemo.app */,
			);
			name = Products;
			sourceTree = "<group>";
		};
		CB1FD42220455E2D00931B5F /* MMKVDemo */ = {
			isa = PBXGroup;
			children = (
				FBE79FFC24C5986F00AC4CFA /* MMKV */,
				CB1FD42320455E2D00931B5F /* AppDelegate.h */,
				CB1FD42420455E2D00931B5F /* AppDelegate.m */,
				CB1FD42C20455E2D00931B5F /* Assets.xcassets */,
				CB9F963820FCA7C500A1C14C /* DemoSwiftUsage.swift */,
				CB1FD43120455E2D00931B5F /* Info.plist */,
				CB1FD42E20455E2D00931B5F /* LaunchScreen.storyboard */,
				CB1FD43220455E2D00931B5F /* main.m */,
				CB1FD42920455E2D00931B5F /* Main.storyboard */,
				CB9F963720FCA7C400A1C14C /* MMKVDemo-Bridging-Header.h */,
				CB1FD42620455E2D00931B5F /* ViewController.h */,
				CB1FD42720455E2D00931B5F /* ViewController.mm */,
				FB464DBC2493059D00A9B40F /* SkyEyeMMAPQueue.h */,
				FB464DBD2493059D00A9B40F /* SkyEyeMMAPQueue.m */,
				FB464DC024931D7400A9B40F /* SkyEyePackObject.h */,
				FB464DC124931D7400A9B40F /* SkyEyePackObject.m */,
				FB464DC324931E4A00A9B40F /* PersonObject.h */,
				FB464DC424931E4A00A9B40F /* PersonObject.m */,
				FB464DC62493216700A9B40F /* SkyEyeDataManager.h */,
				FBBDB9E2249A4CA8003CF459 /* SkyEyeDataConfig.h */,
				FBBDB9E3249A4CA8003CF459 /* SkyEyeDataConfig.m */,
				FB464DC72493216700A9B40F /* SkyEyeDataManager.m */,
				FB9A7B4224A20A9E00EC517B /* AppUsedMemory.h */,
				FB9A7B4324A20A9E00EC517B /* AppUsedMemory.m */,
				FBE7A03E24C5993F00AC4CFA /* PrefixHeader.pch */,
			);
			path = MMKVDemo;
			sourceTree = "<group>";
		};
		CB1FD45720455F3500931B5F /* Frameworks */ = {
			isa = PBXGroup;
			children = (
				CB9C2732215E5ECC00448B6C /* libz.tbd */,
				CB1FD4D12046AF2300931B5F /* libz.tbd */,
			);
			name = Frameworks;
			sourceTree = "<group>";
		};
		CB36F24A20F8A20C009AF46F /* MMKVDemoTests */ = {
			isa = PBXGroup;
			children = (
				CB36F24B20F8A20C009AF46F /* MMKVDemoTests.mm */,
				CB36F25920F8D728009AF46F /* MMKVPerformanceTest.mm */,
				CB36F24D20F8A20C009AF46F /* Info.plist */,
			);
			path = MMKVDemoTests;
			sourceTree = "<group>";
		};
		CBB6C820215CDB9500487192 /* MMKVMacDemo */ = {
			isa = PBXGroup;
			children = (
				CBB6C821215CDB9500487192 /* AppDelegate.h */,
				CBB6C822215CDB9500487192 /* AppDelegate.m */,
				CBB6C824215CDB9500487192 /* ViewController.h */,
				CBB6C825215CDB9500487192 /* ViewController.mm */,
				CBB6C827215CDB9600487192 /* Assets.xcassets */,
				CBB6C829215CDB9600487192 /* Main.storyboard */,
				CBB6C82C215CDB9600487192 /* Info.plist */,
				CBB6C82D215CDB9600487192 /* main.m */,
				CBB6C82F215CDB9600487192 /* MMKVMacDemo.entitlements */,
			);
			path = MMKVMacDemo;
			sourceTree = "<group>";
		};
		FBE79FFC24C5986F00AC4CFA /* MMKV */ = {
			isa = PBXGroup;
			children = (
				FBE79FFD24C5986F00AC4CFA /* SkyEyeMMAPQueue.h */,
				FBE79FFE24C5986F00AC4CFA /* SkyEyePackObject.m */,
				FBE79FFF24C5986F00AC4CFA /* SkyEyeMiniPBEncodeItem.h */,
				FBE7A00024C5986F00AC4CFA /* SkyEyeDataConfig.m */,
				FBE7A00124C5986F00AC4CFA /* SkyEyeLRUCache.hpp */,
				FBE7A00224C5986F00AC4CFA /* SkyEyeDataManager.h */,
				FBE7A00324C5986F00AC4CFA /* SkyEyeMMKVLog.h */,
				FBE7A00424C5986F00AC4CFA /* SkyEyeMiniCodedInputData.h */,
				FBE7A00524C5986F00AC4CFA /* SkyEyeMFKV.h */,
				FBE7A00624C5986F00AC4CFA /* SkyEyeP.h */,
				FBE7A00724C5986F00AC4CFA /* SkyEyeMiniPBCoder.mm */,
				FBE7A00824C5986F00AC4CFA /* SkyEyeMiniCodedOutputData.h */,
				FBE7A00924C5986F00AC4CFA /* SkyEyeDataManager.mm */,
				FBE7A00A24C5986F00AC4CFA /* SkyEyeMiniPBUtility.mm */,
				FBE7A00B24C5986F00AC4CFA /* SkyEyeMiniCodedOutputData.mm */,
				FBE7A00C24C5986F00AC4CFA /* SkyEyePackObject.h */,
				FBE7A00D24C5986F00AC4CFA /* SkyEyeMMAPQueue.m */,
				FBE7A00E24C5986F00AC4CFA /* SkyEyeScopedLock.hpp */,
				FBE7A00F24C5986F00AC4CFA /* SkyEyeFileConfig.h */,
				FBE7A01024C5986F00AC4CFA /* SkyEyeMiniCodedInputData.mm */,
				FBE7A01124C5986F00AC4CFA /* SkyEyeDefine.h */,
				FBE7A01224C5986F00AC4CFA /* SkyEyeMiniPBUtility.h */,
				FBE7A01324C5986F00AC4CFA /* SkyEyeDataConfig.h */,
				FBE7A01424C5986F00AC4CFA /* SkyEyeMMKVMetaInfo.hpp */,
				FBE7A01524C5986F00AC4CFA /* SkyEyeMMKVLog.mm */,
				FBE7A01624C5986F00AC4CFA /* SkyEyeMiniPBCoder.h */,
				FBE7A01724C5986F00AC4CFA /* SkyEyeMemoryFile.h */,
				FBE7A01824C5986F00AC4CFA /* SkyEyeFileConfig.mm */,
				FBE7A01924C5986F00AC4CFA /* SkyEyeMemoryFile.mm */,
				FBE7A01A24C5986F00AC4CFA /* SkyEyeMMKVHandler.h */,
				FBE7A01B24C5986F00AC4CFA /* SkyEyeMFKV.mm */,
				FBE7A01C24C5986F00AC4CFA /* aes */,
			);
			path = MMKV;
			sourceTree = "<group>";
		};
		FBE7A01C24C5986F00AC4CFA /* aes */ = {
			isa = PBXGroup;
			children = (
				FBE7A01D24C5986F00AC4CFA /* SkyEyeAESCrypt.mm */,
				FBE7A01E24C5986F00AC4CFA /* SkyEyeAESCrypt.h */,
				FBE7A01F24C5986F00AC4CFA /* openssl */,
			);
			path = aes;
			sourceTree = "<group>";
		};
		FBE7A01F24C5986F00AC4CFA /* openssl */ = {
			isa = PBXGroup;
			children = (
				FBE7A02024C5986F00AC4CFA /* skyeye_openssl_aes_cfb.cpp */,
				FBE7A02124C5986F00AC4CFA /* skyeye_openssl_md5.h */,
				FBE7A02224C5986F00AC4CFA /* skyeye_openssl_md5_dgst.cpp */,
				FBE7A02324C5986F00AC4CFA /* skyeye_openssl_md5_one.cpp */,
				FBE7A02424C5986F00AC4CFA /* skyeye_openssl_opensslconf.h */,
				FBE7A02524C5986F00AC4CFA /* skyeye_openssl_cfb128.cpp */,
				FBE7A02624C5986F00AC4CFA /* skyeye_openssl_md5_locl.h */,
				FBE7A02724C5986F00AC4CFA /* skyeye_openssl_modes.h */,
				FBE7A02824C5986F00AC4CFA /* skyeye_openssl_md32_common.h */,
				FBE7A02924C5986F00AC4CFA /* skyeye_openssl_aes.h */,
				FBE7A02A24C5986F00AC4CFA /* skyeye_openssl_aes_core.cpp */,
				FBE7A02B24C5986F00AC4CFA /* skyeye_openssl_aes_locl.h */,
			);
			path = openssl;
			sourceTree = "<group>";
		};
/* End PBXGroup section */

/* Begin PBXNativeTarget section */
		CB1FD41F20455E2D00931B5F /* MMKVDemo */ = {
			isa = PBXNativeTarget;
			buildConfigurationList = CB1FD43620455E2D00931B5F /* Build configuration list for PBXNativeTarget "MMKVDemo" */;
			buildPhases = (
				CB1FD41C20455E2D00931B5F /* Sources */,
				CB1FD41D20455E2D00931B5F /* Frameworks */,
				CB1FD41E20455E2D00931B5F /* Resources */,
			);
			buildRules = (
			);
			dependencies = (
			);
			name = MMKVDemo;
			productName = MMKVDemo;
			productReference = CB1FD42020455E2D00931B5F /* MMKVDemo.app */;
			productType = "com.apple.product-type.application";
		};
		CB36F24820F8A20C009AF46F /* MMKVDemoTests */ = {
			isa = PBXNativeTarget;
			buildConfigurationList = CB36F25520F8A20C009AF46F /* Build configuration list for PBXNativeTarget "MMKVDemoTests" */;
			buildPhases = (
				CB36F24520F8A20C009AF46F /* Sources */,
				CB36F24620F8A20C009AF46F /* Frameworks */,
				CB36F24720F8A20C009AF46F /* Resources */,
			);
			buildRules = (
			);
			dependencies = (
				CB36F24F20F8A20C009AF46F /* PBXTargetDependency */,
			);
			name = MMKVDemoTests;
			productName = MMKVDemoTests;
			productReference = CB36F24920F8A20C009AF46F /* MMKVDemoTests.xctest */;
			productType = "com.apple.product-type.bundle.unit-test";
		};
		CBB6C81E215CDB9500487192 /* MMKVMacDemo */ = {
			isa = PBXNativeTarget;
			buildConfigurationList = CBB6C833215CDB9600487192 /* Build configuration list for PBXNativeTarget "MMKVMacDemo" */;
			buildPhases = (
				CBB6C81B215CDB9500487192 /* Sources */,
				CBB6C81C215CDB9500487192 /* Frameworks */,
				CBB6C81D215CDB9500487192 /* Resources */,
			);
			buildRules = (
			);
			dependencies = (
			);
			name = MMKVMacDemo;
			productName = MMKVMacDemo;
			productReference = CBB6C81F215CDB9500487192 /* MMKVMacDemo.app */;
			productType = "com.apple.product-type.application";
		};
/* End PBXNativeTarget section */

/* Begin PBXProject section */
		CB1FD41820455E2D00931B5F /* Project object */ = {
			isa = PBXProject;
			attributes = {
				LastUpgradeCheck = 0940;
				ORGANIZATIONNAME = Lingol;
				TargetAttributes = {
					CB1FD41F20455E2D00931B5F = {
						CreatedOnToolsVersion = 9.2;
						LastSwiftMigration = 1020;
						ProvisioningStyle = Automatic;
						SystemCapabilities = {
							com.apple.BackgroundModes = {
								enabled = 1;
							};
						};
					};
					CB36F24820F8A20C009AF46F = {
						CreatedOnToolsVersion = 9.4.1;
						ProvisioningStyle = Automatic;
						TestTargetID = CB1FD41F20455E2D00931B5F;
					};
					CBB6C81E215CDB9500487192 = {
						CreatedOnToolsVersion = 10.0;
						ProvisioningStyle = Automatic;
					};
				};
			};
			buildConfigurationList = CB1FD41B20455E2D00931B5F /* Build configuration list for PBXProject "MMKVDemo" */;
			compatibilityVersion = "Xcode 8.0";
			developmentRegion = en;
			hasScannedForEncodings = 0;
			knownRegions = (
				en,
				Base,
			);
			mainGroup = CB1FD41720455E2D00931B5F;
			productRefGroup = CB1FD42120455E2D00931B5F /* Products */;
			projectDirPath = "";
			projectRoot = "";
			targets = (
				CB1FD41F20455E2D00931B5F /* MMKVDemo */,
				CB36F24820F8A20C009AF46F /* MMKVDemoTests */,
				CBB6C81E215CDB9500487192 /* MMKVMacDemo */,
			);
		};
/* End PBXProject section */

/* Begin PBXResourcesBuildPhase section */
		CB1FD41E20455E2D00931B5F /* Resources */ = {
			isa = PBXResourcesBuildPhase;
			buildActionMask = 2147483647;
			files = (
				CB1FD43020455E2D00931B5F /* LaunchScreen.storyboard in Resources */,
				CB1FD42D20455E2D00931B5F /* Assets.xcassets in Resources */,
				CB1FD42B20455E2D00931B5F /* Main.storyboard in Resources */,
			);
			runOnlyForDeploymentPostprocessing = 0;
		};
		CB36F24720F8A20C009AF46F /* Resources */ = {
			isa = PBXResourcesBuildPhase;
			buildActionMask = 2147483647;
			files = (
			);
			runOnlyForDeploymentPostprocessing = 0;
		};
		CBB6C81D215CDB9500487192 /* Resources */ = {
			isa = PBXResourcesBuildPhase;
			buildActionMask = 2147483647;
			files = (
				CBB6C828215CDB9600487192 /* Assets.xcassets in Resources */,
				CBB6C82B215CDB9600487192 /* Main.storyboard in Resources */,
			);
			runOnlyForDeploymentPostprocessing = 0;
		};
/* End PBXResourcesBuildPhase section */

/* Begin PBXSourcesBuildPhase section */
		CB1FD41C20455E2D00931B5F /* Sources */ = {
			isa = PBXSourcesBuildPhase;
			buildActionMask = 2147483647;
			files = (
				FBE7A03A24C5986F00AC4CFA /* skyeye_openssl_md5_dgst.cpp in Sources */,
				FBE7A03D24C5986F00AC4CFA /* skyeye_openssl_aes_core.cpp in Sources */,
				CB1FD42820455E2D00931B5F /* ViewController.mm in Sources */,
				FBE7A03B24C5986F00AC4CFA /* skyeye_openssl_md5_one.cpp in Sources */,
				FB464DC224931D7400A9B40F /* SkyEyePackObject.m in Sources */,
				FBE7A03924C5986F00AC4CFA /* skyeye_openssl_aes_cfb.cpp in Sources */,
				CB1FD43320455E2D00931B5F /* main.m in Sources */,
				CB9F963920FCA7C500A1C14C /* DemoSwiftUsage.swift in Sources */,
				FBE7A03224C5986F00AC4CFA /* SkyEyeMMAPQueue.m in Sources */,
				FB464DBE2493059D00A9B40F /* SkyEyeMMAPQueue.m in Sources */,
				FBE7A03124C5986F00AC4CFA /* SkyEyeMiniCodedOutputData.mm in Sources */,
				FBE7A03524C5986F00AC4CFA /* SkyEyeFileConfig.mm in Sources */,
				FBE7A02C24C5986F00AC4CFA /* SkyEyePackObject.m in Sources */,
				FBE7A03024C5986F00AC4CFA /* SkyEyeMiniPBUtility.mm in Sources */,
				FBBDB9E4249A4CA8003CF459 /* SkyEyeDataConfig.m in Sources */,
				FBE7A02F24C5986F00AC4CFA /* SkyEyeDataManager.mm in Sources */,
				FBE7A03324C5986F00AC4CFA /* SkyEyeMiniCodedInputData.mm in Sources */,
				FB464DC82493216700A9B40F /* SkyEyeDataManager.m in Sources */,
				FBE7A03824C5986F00AC4CFA /* SkyEyeAESCrypt.mm in Sources */,
				FB9A7B4424A20A9E00EC517B /* AppUsedMemory.m in Sources */,
				FB464DC524931E4A00A9B40F /* PersonObject.m in Sources */,
				CB1FD42520455E2D00931B5F /* AppDelegate.m in Sources */,
				FBE7A03724C5986F00AC4CFA /* SkyEyeMFKV.mm in Sources */,
				FBE7A03624C5986F00AC4CFA /* SkyEyeMemoryFile.mm in Sources */,
				FBE7A02E24C5986F00AC4CFA /* SkyEyeMiniPBCoder.mm in Sources */,
				FBE7A03C24C5986F00AC4CFA /* skyeye_openssl_cfb128.cpp in Sources */,
				FBE7A02D24C5986F00AC4CFA /* SkyEyeDataConfig.m in Sources */,
				FBE7A03424C5986F00AC4CFA /* SkyEyeMMKVLog.mm in Sources */,
			);
			runOnlyForDeploymentPostprocessing = 0;
		};
		CB36F24520F8A20C009AF46F /* Sources */ = {
			isa = PBXSourcesBuildPhase;
			buildActionMask = 2147483647;
			files = (
				CB36F24C20F8A20C009AF46F /* MMKVDemoTests.mm in Sources */,
				CB36F25A20F8D728009AF46F /* MMKVPerformanceTest.mm in Sources */,
			);
			runOnlyForDeploymentPostprocessing = 0;
		};
		CBB6C81B215CDB9500487192 /* Sources */ = {
			isa = PBXSourcesBuildPhase;
			buildActionMask = 2147483647;
			files = (
				CBB6C826215CDB9500487192 /* ViewController.mm in Sources */,
				CBB6C82E215CDB9600487192 /* main.m in Sources */,
				CBB6C823215CDB9500487192 /* AppDelegate.m in Sources */,
			);
			runOnlyForDeploymentPostprocessing = 0;
		};
/* End PBXSourcesBuildPhase section */

/* Begin PBXTargetDependency section */
		CB36F24F20F8A20C009AF46F /* PBXTargetDependency */ = {
			isa = PBXTargetDependency;
			target = CB1FD41F20455E2D00931B5F /* MMKVDemo */;
			targetProxy = CB36F24E20F8A20C009AF46F /* PBXContainerItemProxy */;
		};
/* End PBXTargetDependency section */

/* Begin PBXVariantGroup section */
		CB1FD42920455E2D00931B5F /* Main.storyboard */ = {
			isa = PBXVariantGroup;
			children = (
				CB1FD42A20455E2D00931B5F /* Base */,
			);
			name = Main.storyboard;
			sourceTree = "<group>";
		};
		CB1FD42E20455E2D00931B5F /* LaunchScreen.storyboard */ = {
			isa = PBXVariantGroup;
			children = (
				CB1FD42F20455E2D00931B5F /* Base */,
			);
			name = LaunchScreen.storyboard;
			sourceTree = "<group>";
		};
		CBB6C829215CDB9600487192 /* Main.storyboard */ = {
			isa = PBXVariantGroup;
			children = (
				CBB6C82A215CDB9600487192 /* Base */,
			);
			name = Main.storyboard;
			sourceTree = "<group>";
		};
/* End PBXVariantGroup section */

/* Begin XCBuildConfiguration section */
		CB1FD43420455E2D00931B5F /* Debug */ = {
			isa = XCBuildConfiguration;
			buildSettings = {
				ALWAYS_SEARCH_USER_PATHS = NO;
				CLANG_ANALYZER_NONNULL = YES;
				CLANG_ANALYZER_NUMBER_OBJECT_CONVERSION = YES_AGGRESSIVE;
				CLANG_CXX_LANGUAGE_STANDARD = "gnu++14";
				CLANG_CXX_LIBRARY = "libc++";
				CLANG_ENABLE_MODULES = YES;
				CLANG_ENABLE_OBJC_ARC = YES;
				CLANG_WARN_BLOCK_CAPTURE_AUTORELEASING = YES;
				CLANG_WARN_BOOL_CONVERSION = YES;
				CLANG_WARN_COMMA = YES;
				CLANG_WARN_CONSTANT_CONVERSION = YES;
				CLANG_WARN_DEPRECATED_OBJC_IMPLEMENTATIONS = YES;
				CLANG_WARN_DIRECT_OBJC_ISA_USAGE = YES_ERROR;
				CLANG_WARN_DOCUMENTATION_COMMENTS = YES;
				CLANG_WARN_EMPTY_BODY = YES;
				CLANG_WARN_ENUM_CONVERSION = YES;
				CLANG_WARN_INFINITE_RECURSION = YES;
				CLANG_WARN_INT_CONVERSION = YES;
				CLANG_WARN_NON_LITERAL_NULL_CONVERSION = YES;
				CLANG_WARN_OBJC_IMPLICIT_RETAIN_SELF = YES;
				CLANG_WARN_OBJC_LITERAL_CONVERSION = YES;
				CLANG_WARN_OBJC_ROOT_CLASS = YES_ERROR;
				CLANG_WARN_RANGE_LOOP_ANALYSIS = YES;
				CLANG_WARN_STRICT_PROTOTYPES = YES;
				CLANG_WARN_SUSPICIOUS_MOVE = YES;
				CLANG_WARN_UNGUARDED_AVAILABILITY = YES_AGGRESSIVE;
				CLANG_WARN_UNREACHABLE_CODE = YES;
				CLANG_WARN__DUPLICATE_METHOD_MATCH = YES;
				CODE_SIGN_IDENTITY = "iPhone Developer";
				COPY_PHASE_STRIP = NO;
				DEBUG_INFORMATION_FORMAT = dwarf;
				ENABLE_STRICT_OBJC_MSGSEND = YES;
				ENABLE_TESTABILITY = YES;
				GCC_C_LANGUAGE_STANDARD = gnu11;
				GCC_DYNAMIC_NO_PIC = NO;
				GCC_NO_COMMON_BLOCKS = YES;
				GCC_OPTIMIZATION_LEVEL = 0;
				GCC_PREPROCESSOR_DEFINITIONS = (
					"DEBUG=1",
					"$(inherited)",
				);
				GCC_WARN_64_TO_32_BIT_CONVERSION = YES;
				GCC_WARN_ABOUT_RETURN_TYPE = YES_ERROR;
				GCC_WARN_UNDECLARED_SELECTOR = YES;
				GCC_WARN_UNINITIALIZED_AUTOS = YES_AGGRESSIVE;
				GCC_WARN_UNUSED_FUNCTION = YES;
				GCC_WARN_UNUSED_VARIABLE = YES;
				IPHONEOS_DEPLOYMENT_TARGET = 11.2;
				MTL_ENABLE_DEBUG_INFO = YES;
				ONLY_ACTIVE_ARCH = YES;
				SDKROOT = iphoneos;
			};
			name = Debug;
		};
		CB1FD43520455E2D00931B5F /* Release */ = {
			isa = XCBuildConfiguration;
			buildSettings = {
				ALWAYS_SEARCH_USER_PATHS = NO;
				CLANG_ANALYZER_NONNULL = YES;
				CLANG_ANALYZER_NUMBER_OBJECT_CONVERSION = YES_AGGRESSIVE;
				CLANG_CXX_LANGUAGE_STANDARD = "gnu++14";
				CLANG_CXX_LIBRARY = "libc++";
				CLANG_ENABLE_MODULES = YES;
				CLANG_ENABLE_OBJC_ARC = YES;
				CLANG_WARN_BLOCK_CAPTURE_AUTORELEASING = YES;
				CLANG_WARN_BOOL_CONVERSION = YES;
				CLANG_WARN_COMMA = YES;
				CLANG_WARN_CONSTANT_CONVERSION = YES;
				CLANG_WARN_DEPRECATED_OBJC_IMPLEMENTATIONS = YES;
				CLANG_WARN_DIRECT_OBJC_ISA_USAGE = YES_ERROR;
				CLANG_WARN_DOCUMENTATION_COMMENTS = YES;
				CLANG_WARN_EMPTY_BODY = YES;
				CLANG_WARN_ENUM_CONVERSION = YES;
				CLANG_WARN_INFINITE_RECURSION = YES;
				CLANG_WARN_INT_CONVERSION = YES;
				CLANG_WARN_NON_LITERAL_NULL_CONVERSION = YES;
				CLANG_WARN_OBJC_IMPLICIT_RETAIN_SELF = YES;
				CLANG_WARN_OBJC_LITERAL_CONVERSION = YES;
				CLANG_WARN_OBJC_ROOT_CLASS = YES_ERROR;
				CLANG_WARN_RANGE_LOOP_ANALYSIS = YES;
				CLANG_WARN_STRICT_PROTOTYPES = YES;
				CLANG_WARN_SUSPICIOUS_MOVE = YES;
				CLANG_WARN_UNGUARDED_AVAILABILITY = YES_AGGRESSIVE;
				CLANG_WARN_UNREACHABLE_CODE = YES;
				CLANG_WARN__DUPLICATE_METHOD_MATCH = YES;
				CODE_SIGN_IDENTITY = "iPhone Developer";
				COPY_PHASE_STRIP = NO;
				DEBUG_INFORMATION_FORMAT = "dwarf-with-dsym";
				ENABLE_NS_ASSERTIONS = NO;
				ENABLE_STRICT_OBJC_MSGSEND = YES;
				GCC_C_LANGUAGE_STANDARD = gnu11;
				GCC_NO_COMMON_BLOCKS = YES;
				GCC_WARN_64_TO_32_BIT_CONVERSION = YES;
				GCC_WARN_ABOUT_RETURN_TYPE = YES_ERROR;
				GCC_WARN_UNDECLARED_SELECTOR = YES;
				GCC_WARN_UNINITIALIZED_AUTOS = YES_AGGRESSIVE;
				GCC_WARN_UNUSED_FUNCTION = YES;
				GCC_WARN_UNUSED_VARIABLE = YES;
				IPHONEOS_DEPLOYMENT_TARGET = 11.2;
				MTL_ENABLE_DEBUG_INFO = NO;
				SDKROOT = iphoneos;
				SWIFT_COMPILATION_MODE = wholemodule;
				VALIDATE_PRODUCT = YES;
			};
			name = Release;
		};
		CB1FD43720455E2D00931B5F /* Debug */ = {
			isa = XCBuildConfiguration;
			buildSettings = {
				ASSETCATALOG_COMPILER_APPICON_NAME = AppIcon;
				CLANG_ENABLE_MODULES = YES;
				CODE_SIGN_STYLE = Automatic;
				DEVELOPMENT_TEAM = Z2KFJNX8WQ;
				GCC_INCREASE_PRECOMPILED_HEADER_SHARING = NO;
				GCC_PRECOMPILE_PREFIX_HEADER = YES;
				GCC_PREFIX_HEADER = MMKVDemo/PrefixHeader.pch;
				INFOPLIST_FILE = MMKVDemo/Info.plist;
				IPHONEOS_DEPLOYMENT_TARGET = 9.0;
				LD_RUNPATH_SEARCH_PATHS = "$(inherited) @executable_path/Frameworks";
				PRODUCT_BUNDLE_IDENTIFIER = "com.lingol.MMKVDemo-ac.dec";
				PRODUCT_NAME = "$(TARGET_NAME)";
				SWIFT_OBJC_BRIDGING_HEADER = "MMKVDemo/MMKVDemo-Bridging-Header.h";
				SWIFT_OPTIMIZATION_LEVEL = "-Onone";
				SWIFT_VERSION = 5.0;
				TARGETED_DEVICE_FAMILY = "1,2";
				VALID_ARCHS = arm64;
			};
			name = Debug;
		};
		CB1FD43820455E2D00931B5F /* Release */ = {
			isa = XCBuildConfiguration;
			buildSettings = {
				ASSETCATALOG_COMPILER_APPICON_NAME = AppIcon;
				CLANG_ENABLE_MODULES = YES;
				CODE_SIGN_STYLE = Automatic;
				DEVELOPMENT_TEAM = Z2KFJNX8WQ;
				GCC_INCREASE_PRECOMPILED_HEADER_SHARING = NO;
				GCC_PRECOMPILE_PREFIX_HEADER = YES;
				GCC_PREFIX_HEADER = MMKVDemo/PrefixHeader.pch;
				INFOPLIST_FILE = MMKVDemo/Info.plist;
				IPHONEOS_DEPLOYMENT_TARGET = 9.0;
				LD_RUNPATH_SEARCH_PATHS = "$(inherited) @executable_path/Frameworks";
				ONLY_ACTIVE_ARCH = YES;
				PRODUCT_BUNDLE_IDENTIFIER = "com.lingol.MMKVDemo-ac.dec";
				PRODUCT_NAME = "$(TARGET_NAME)";
				SWIFT_OBJC_BRIDGING_HEADER = "MMKVDemo/MMKVDemo-Bridging-Header.h";
				SWIFT_VERSION = 5.0;
				TARGETED_DEVICE_FAMILY = "1,2";
				VALID_ARCHS = arm64;
			};
			name = Release;
		};
		CB36F25020F8A20C009AF46F /* Debug */ = {
			isa = XCBuildConfiguration;
			buildSettings = {
				ALWAYS_EMBED_SWIFT_STANDARD_LIBRARIES = YES;
				BUNDLE_LOADER = "$(TEST_HOST)";
				CLANG_ENABLE_OBJC_WEAK = YES;
				CLANG_WARN_DEPRECATED_OBJC_IMPLEMENTATIONS = YES;
				CLANG_WARN_OBJC_IMPLICIT_RETAIN_SELF = YES;
				CODE_SIGN_STYLE = Automatic;
				DEVELOPMENT_TEAM = 52LMU3A345;
				INFOPLIST_FILE = MMKVDemoTests/Info.plist;
				IPHONEOS_DEPLOYMENT_TARGET = 11.4;
				LD_RUNPATH_SEARCH_PATHS = "$(inherited) @executable_path/Frameworks @loader_path/Frameworks";
				PRODUCT_BUNDLE_IDENTIFIER = com.lingol.MMKVDemoTests;
				PRODUCT_NAME = "$(TARGET_NAME)";
				TARGETED_DEVICE_FAMILY = "1,2";
				TEST_HOST = "$(BUILT_PRODUCTS_DIR)/MMKVDemo.app/MMKVDemo";
			};
			name = Debug;
		};
		CB36F25120F8A20C009AF46F /* Release */ = {
			isa = XCBuildConfiguration;
			buildSettings = {
				ALWAYS_EMBED_SWIFT_STANDARD_LIBRARIES = YES;
				BUNDLE_LOADER = "$(TEST_HOST)";
				CLANG_ENABLE_OBJC_WEAK = YES;
				CLANG_WARN_DEPRECATED_OBJC_IMPLEMENTATIONS = YES;
				CLANG_WARN_OBJC_IMPLICIT_RETAIN_SELF = YES;
				CODE_SIGN_STYLE = Automatic;
				DEVELOPMENT_TEAM = 52LMU3A345;
				INFOPLIST_FILE = MMKVDemoTests/Info.plist;
				IPHONEOS_DEPLOYMENT_TARGET = 11.4;
				LD_RUNPATH_SEARCH_PATHS = "$(inherited) @executable_path/Frameworks @loader_path/Frameworks";
				PRODUCT_BUNDLE_IDENTIFIER = com.lingol.MMKVDemoTests;
				PRODUCT_NAME = "$(TARGET_NAME)";
				TARGETED_DEVICE_FAMILY = "1,2";
				TEST_HOST = "$(BUILT_PRODUCTS_DIR)/MMKVDemo.app/MMKVDemo";
			};
			name = Release;
		};
		CBB6C830215CDB9600487192 /* Debug */ = {
			isa = XCBuildConfiguration;
			buildSettings = {
				ASSETCATALOG_COMPILER_APPICON_NAME = AppIcon;
				CLANG_ENABLE_OBJC_WEAK = YES;
				CODE_SIGN_ENTITLEMENTS = MMKVMacDemo/MMKVMacDemo.entitlements;
				CODE_SIGN_IDENTITY = "Mac Developer";
				CODE_SIGN_STYLE = Automatic;
				COMBINE_HIDPI_IMAGES = YES;
				DEVELOPMENT_TEAM = 52LMU3A345;
				INFOPLIST_FILE = MMKVMacDemo/Info.plist;
				LD_RUNPATH_SEARCH_PATHS = "$(inherited) @executable_path/../Frameworks";
				MACOSX_DEPLOYMENT_TARGET = 10.14;
				MTL_ENABLE_DEBUG_INFO = INCLUDE_SOURCE;
				MTL_FAST_MATH = YES;
				PRODUCT_BUNDLE_IDENTIFIER = com.lingol.MMKVMacDemo;
				PRODUCT_NAME = "$(TARGET_NAME)";
				SDKROOT = macosx;
			};
			name = Debug;
		};
		CBB6C831215CDB9600487192 /* Release */ = {
			isa = XCBuildConfiguration;
			buildSettings = {
				ASSETCATALOG_COMPILER_APPICON_NAME = AppIcon;
				CLANG_ENABLE_OBJC_WEAK = YES;
				CODE_SIGN_ENTITLEMENTS = MMKVMacDemo/MMKVMacDemo.entitlements;
				CODE_SIGN_IDENTITY = "Mac Developer";
				CODE_SIGN_STYLE = Automatic;
				COMBINE_HIDPI_IMAGES = YES;
				DEVELOPMENT_TEAM = 52LMU3A345;
				INFOPLIST_FILE = MMKVMacDemo/Info.plist;
				LD_RUNPATH_SEARCH_PATHS = "$(inherited) @executable_path/../Frameworks";
				MACOSX_DEPLOYMENT_TARGET = 10.14;
				MTL_FAST_MATH = YES;
				PRODUCT_BUNDLE_IDENTIFIER = com.lingol.MMKVMacDemo;
				PRODUCT_NAME = "$(TARGET_NAME)";
				SDKROOT = macosx;
			};
			name = Release;
		};
/* End XCBuildConfiguration section */

/* Begin XCConfigurationList section */
		CB1FD41B20455E2D00931B5F /* Build configuration list for PBXProject "MMKVDemo" */ = {
			isa = XCConfigurationList;
			buildConfigurations = (
				CB1FD43420455E2D00931B5F /* Debug */,
				CB1FD43520455E2D00931B5F /* Release */,
			);
			defaultConfigurationIsVisible = 0;
			defaultConfigurationName = Release;
		};
		CB1FD43620455E2D00931B5F /* Build configuration list for PBXNativeTarget "MMKVDemo" */ = {
			isa = XCConfigurationList;
			buildConfigurations = (
				CB1FD43720455E2D00931B5F /* Debug */,
				CB1FD43820455E2D00931B5F /* Release */,
			);
			defaultConfigurationIsVisible = 0;
			defaultConfigurationName = Release;
		};
		CB36F25520F8A20C009AF46F /* Build configuration list for PBXNativeTarget "MMKVDemoTests" */ = {
			isa = XCConfigurationList;
			buildConfigurations = (
				CB36F25020F8A20C009AF46F /* Debug */,
				CB36F25120F8A20C009AF46F /* Release */,
			);
			defaultConfigurationIsVisible = 0;
			defaultConfigurationName = Release;
		};
		CBB6C833215CDB9600487192 /* Build configuration list for PBXNativeTarget "MMKVMacDemo" */ = {
			isa = XCConfigurationList;
			buildConfigurations = (
				CBB6C830215CDB9600487192 /* Debug */,
				CBB6C831215CDB9600487192 /* Release */,
			);
			defaultConfigurationIsVisible = 0;
			defaultConfigurationName = Release;
		};
/* End XCConfigurationList section */
	};
	rootObject = CB1FD41820455E2D00931B5F /* Project object */;
}
